
Microsoft Visual Studio Solution File, Format Version 12.00
# Visual Studio Version 17
VisualStudioVersion = 17.13.35931.197
MinimumVisualStudioVersion = 10.0.40219.1
Project("{9A19103F-16F7-4668-BE54-9A1E7A4F7556}") = "UiPathMiddleware", "UiPathMiddleware.csproj", "{79009DAC-AEC5-4E0D-8A2A-5498EF14AC88}"
EndProject
Global
	GlobalSection(SolutionConfigurationPlatforms) = preSolution
		Debug|Any CPU = Debug|Any CPU
		Release|Any CPU = Release|Any CPU
	EndGlobalSection
	GlobalSection(ProjectConfigurationPlatforms) = postSolution
		{79009DAC-AEC5-4E0D-8A2A-5498EF14AC88}.Debug|Any CPU.ActiveCfg = Debug|Any CPU
		{79009DAC-AEC5-4E0D-8A2A-5498EF14AC88}.Debug|Any CPU.Build.0 = Debug|Any CPU
		{79009DAC-AEC5-4E0D-8A2A-5498EF14AC88}.Release|Any CPU.ActiveCfg = Release|Any CPU
		{79009DAC-AEC5-4E0D-8A2A-5498EF14AC88}.Release|Any CPU.Build.0 = Release|Any CPU
	EndGlobalSection
	GlobalSection(SolutionProperties) = preSolution
		HideSolutionNode = FALSE
	EndGlobalSection
	GlobalSection(ExtensibilityGlobals) = postSolution
		SolutionGuid = {852162F5-31FB-4AB7-B907-F5BE67888D1E}
	EndGlobalSection
EndGlobal
